# THIS IS AN AUTOGENERATED FILE. DO NOT EDIT THIS FILE DIRECTLY.
# yarn lockfile v1


avsc@^5.7.5:
  version "5.7.5"
  resolved "https://registry.yarnpkg.com/avsc/-/avsc-5.7.5.tgz#da1840506b3ff69e14b5f87ce511e9c384405166"
  integrity sha512-vkyt1+sj6qaD9oMtqqLE2pZ2IcHI66kFx8lpnVuXp55SnNPjKghfOhVfZpaDwDPpY0oVWP3Qu1uHZWxF3E856A==

kafkajs@^2.2.0:
  version "2.2.0"
  resolved "https://registry.yarnpkg.com/kafkajs/-/kafkajs-2.2.0.tgz#43b2d13c82395acee4500f09d6c7d503db8c77ea"
  integrity sha512-+sdgyLuC0Idw1g9LSBXjtoCr4K+vVaHP+tulzAK+V+HHvO3uW5woNkzLnbBx0MN4WRuEl/5g84M3FSkH0ZDzrA==
